
Microsoft Visual Studio Solution File, Format Version 12.00
# Visual Studio Version 16
VisualStudioVersion = 16.0.29920.165
MinimumVisualStudioVersion = 10.0.40219.1
Project("{FAE04EC0-301F-11D3-BF4B-00C04F79EFBC}") = "Shop", "Shop\Shop.csproj", "{93D8C545-7BE7-488C-B0B9-660148EDE123}"
EndProject
Global
	GlobalSection(SolutionConfigurationPlatforms) = preSolution
		Debug|Any CPU = Debug|Any CPU
		Release|Any CPU = Release|Any CPU
	EndGlobalSection
	GlobalSection(ProjectConfigurationPlatforms) = postSolution
		{93D8C545-7BE7-488C-B0B9-660148EDE123}.Debug|Any CPU.ActiveCfg = Debug|Any CPU
		{93D8C545-7BE7-488C-B0B9-660148EDE123}.Debug|Any CPU.Build.0 = Debug|Any CPU
		{93D8C545-7BE7-488C-B0B9-660148EDE123}.Release|Any CPU.ActiveCfg = Release|Any CPU
		{93D8C545-7BE7-488C-B0B9-660148EDE123}.Release|Any CPU.Build.0 = Release|Any CPU
	EndGlobalSection
	GlobalSection(SolutionProperties) = preSolution
		HideSolutionNode = FALSE
	EndGlobalSection
	GlobalSection(ExtensibilityGlobals) = postSolution
		SolutionGuid = {EA09BE7F-68A2-4C5B-86E3-A3B15249CDFE}
	EndGlobalSection
EndGlobal
